
Microsoft Visual Studio Solution File, Format Version 12.00
# Visual Studio Version 17
VisualStudioVersion = 17.0.32014.148
MinimumVisualStudioVersion = 10.0.40219.1
Project("{2150E333-8FDC-42A3-9474-1A3956D46DE8}") = "Services", "Services", "{99C6DA86-65AE-4374-BDD7-FBE17BD96FB1}"
EndProject
Project("{2150E333-8FDC-42A3-9474-1A3956D46DE8}") = "WebApps", "WebApps", "{2A1155D4-9AAC-419A-902B-41000DDFC75C}"
EndProject
Project("{2150E333-8FDC-42A3-9474-1A3956D46DE8}") = "Cadastros", "Cadastros", "{E1B889F5-C6F4-45E8-BD59-B82EA44648B9}"
EndProject
Project("{2150E333-8FDC-42A3-9474-1A3956D46DE8}") = "Catalogo", "Catalogo", "{DBCEC2B3-348B-49CF-8A52-F7EFCB170CEC}"
EndProject
Project("{2150E333-8FDC-42A3-9474-1A3956D46DE8}") = "Core", "Core", "{D67D8FA4-DB2B-4471-A12E-BED5333D40C5}"
EndProject
Project("{2150E333-8FDC-42A3-9474-1A3956D46DE8}") = "Fiscal", "Fiscal", "{DCA8A458-C98E-427B-A4B6-2108ACF6C6AD}"
EndProject
Project("{2150E333-8FDC-42A3-9474-1A3956D46DE8}") = "Pagamentos", "Pagamentos", "{22D5C45F-A16D-4DB2-BEFF-5BE06C983424}"
EndProject
Project("{2150E333-8FDC-42A3-9474-1A3956D46DE8}") = "Vendas", "Vendas", "{B6CCA931-3C95-4E86-AFFE-A0D91122857E}"
EndProject
Project("{9A19103F-16F7-4668-BE54-9A1E7A4F7556}") = "NerdStore.Catalogo.Domain", "NerdStore.Catalogo.Domain\NerdStore.Catalogo.Domain.csproj", "{9B292CA7-24BD-4475-AEFE-A76E2769D30C}"
EndProject
Project("{9A19103F-16F7-4668-BE54-9A1E7A4F7556}") = "NerdStore.Core", "NerdStore.Core\NerdStore.Core.csproj", "{0E2EFFCC-D0E9-4DE2-B150-7E7518619D04}"
EndProject
Project("{2150E333-8FDC-42A3-9474-1A3956D46DE8}") = "Tests", "Tests", "{39100FBD-5AF5-44E1-BEED-E7C095C5D932}"
EndProject
Project("{9A19103F-16F7-4668-BE54-9A1E7A4F7556}") = "NerdStore.Catalogo.Domain.Tests", "NerdStore.Catalogo.Domain.Tests\NerdStore.Catalogo.Domain.Tests.csproj", "{B7AF48AD-4E22-41AB-A92A-8C67F61F97E5}"
EndProject
Project("{9A19103F-16F7-4668-BE54-9A1E7A4F7556}") = "NerdStore.Catalogo.Data", "NerdStore.Catalogo.Data\NerdStore.Catalogo.Data.csproj", "{9109115B-C213-4F06-9626-7EDE18AD869E}"
EndProject
Project("{9A19103F-16F7-4668-BE54-9A1E7A4F7556}") = "NerdStore.Catalogo.Application", "NerdStore.Catalogo.Application\NerdStore.Catalogo.Application.csproj", "{BD4F73A7-E681-4A81-9DE7-8B7AEE27B828}"
EndProject
Project("{9A19103F-16F7-4668-BE54-9A1E7A4F7556}") = "NerdStore.WebApp.MVC", "NerdStore.WebApp.MVC\NerdStore.WebApp.MVC.csproj", "{F10FC7B9-C3E2-43AE-817B-7D08973CE34A}"
EndProject
Project("{FAE04EC0-301F-11D3-BF4B-00C04F79EFBC}") = "NerdStore.Vendas.Domain", "NerdStore.Vendas.Domain\NerdStore.Vendas.Domain.csproj", "{C597CA2B-0E2D-4D12-92BD-B96FD1849E53}"
EndProject
Project("{FAE04EC0-301F-11D3-BF4B-00C04F79EFBC}") = "NerdStore.Vendas.Application", "NerdStore.Vendas.Application\NerdStore.Vendas.Application.csproj", "{731F22AD-CA0A-4E70-8AF6-0B328DCDA8EF}"
EndProject
Project("{FAE04EC0-301F-11D3-BF4B-00C04F79EFBC}") = "NerdStore.Vendas.Data", "NerdStore.Vendas.Data\NerdStore.Vendas.Data.csproj", "{615041E4-D3C0-4D7C-8E19-AB82A24947F3}"
EndProject
Global
	GlobalSection(SolutionConfigurationPlatforms) = preSolution
		Debug|Any CPU = Debug|Any CPU
		Release|Any CPU = Release|Any CPU
	EndGlobalSection
	GlobalSection(ProjectConfigurationPlatforms) = postSolution
		{9B292CA7-24BD-4475-AEFE-A76E2769D30C}.Debug|Any CPU.ActiveCfg = Debug|Any CPU
		{9B292CA7-24BD-4475-AEFE-A76E2769D30C}.Debug|Any CPU.Build.0 = Debug|Any CPU
		{9B292CA7-24BD-4475-AEFE-A76E2769D30C}.Release|Any CPU.ActiveCfg = Release|Any CPU
		{9B292CA7-24BD-4475-AEFE-A76E2769D30C}.Release|Any CPU.Build.0 = Release|Any CPU
		{0E2EFFCC-D0E9-4DE2-B150-7E7518619D04}.Debug|Any CPU.ActiveCfg = Debug|Any CPU
		{0E2EFFCC-D0E9-4DE2-B150-7E7518619D04}.Debug|Any CPU.Build.0 = Debug|Any CPU
		{0E2EFFCC-D0E9-4DE2-B150-7E7518619D04}.Release|Any CPU.ActiveCfg = Release|Any CPU
		{0E2EFFCC-D0E9-4DE2-B150-7E7518619D04}.Release|Any CPU.Build.0 = Release|Any CPU
		{B7AF48AD-4E22-41AB-A92A-8C67F61F97E5}.Debug|Any CPU.ActiveCfg = Debug|Any CPU
		{B7AF48AD-4E22-41AB-A92A-8C67F61F97E5}.Debug|Any CPU.Build.0 = Debug|Any CPU
		{B7AF48AD-4E22-41AB-A92A-8C67F61F97E5}.Release|Any CPU.ActiveCfg = Release|Any CPU
		{B7AF48AD-4E22-41AB-A92A-8C67F61F97E5}.Release|Any CPU.Build.0 = Release|Any CPU
		{9109115B-C213-4F06-9626-7EDE18AD869E}.Debug|Any CPU.ActiveCfg = Debug|Any CPU
		{9109115B-C213-4F06-9626-7EDE18AD869E}.Debug|Any CPU.Build.0 = Debug|Any CPU
		{9109115B-C213-4F06-9626-7EDE18AD869E}.Release|Any CPU.ActiveCfg = Release|Any CPU
		{9109115B-C213-4F06-9626-7EDE18AD869E}.Release|Any CPU.Build.0 = Release|Any CPU
		{BD4F73A7-E681-4A81-9DE7-8B7AEE27B828}.Debug|Any CPU.ActiveCfg = Debug|Any CPU
		{BD4F73A7-E681-4A81-9DE7-8B7AEE27B828}.Debug|Any CPU.Build.0 = Debug|Any CPU
		{BD4F73A7-E681-4A81-9DE7-8B7AEE27B828}.Release|Any CPU.ActiveCfg = Release|Any CPU
		{BD4F73A7-E681-4A81-9DE7-8B7AEE27B828}.Release|Any CPU.Build.0 = Release|Any CPU
		{F10FC7B9-C3E2-43AE-817B-7D08973CE34A}.Debug|Any CPU.ActiveCfg = Debug|Any CPU
		{F10FC7B9-C3E2-43AE-817B-7D08973CE34A}.Debug|Any CPU.Build.0 = Debug|Any CPU
		{F10FC7B9-C3E2-43AE-817B-7D08973CE34A}.Release|Any CPU.ActiveCfg = Release|Any CPU
		{F10FC7B9-C3E2-43AE-817B-7D08973CE34A}.Release|Any CPU.Build.0 = Release|Any CPU
		{C597CA2B-0E2D-4D12-92BD-B96FD1849E53}.Debug|Any CPU.ActiveCfg = Debug|Any CPU
		{C597CA2B-0E2D-4D12-92BD-B96FD1849E53}.Debug|Any CPU.Build.0 = Debug|Any CPU
		{C597CA2B-0E2D-4D12-92BD-B96FD1849E53}.Release|Any CPU.ActiveCfg = Release|Any CPU
		{C597CA2B-0E2D-4D12-92BD-B96FD1849E53}.Release|Any CPU.Build.0 = Release|Any CPU
		{731F22AD-CA0A-4E70-8AF6-0B328DCDA8EF}.Debug|Any CPU.ActiveCfg = Debug|Any CPU
		{731F22AD-CA0A-4E70-8AF6-0B328DCDA8EF}.Debug|Any CPU.Build.0 = Debug|Any CPU
		{731F22AD-CA0A-4E70-8AF6-0B328DCDA8EF}.Release|Any CPU.ActiveCfg = Release|Any CPU
		{731F22AD-CA0A-4E70-8AF6-0B328DCDA8EF}.Release|Any CPU.Build.0 = Release|Any CPU
		{615041E4-D3C0-4D7C-8E19-AB82A24947F3}.Debug|Any CPU.ActiveCfg = Debug|Any CPU
		{615041E4-D3C0-4D7C-8E19-AB82A24947F3}.Debug|Any CPU.Build.0 = Debug|Any CPU
		{615041E4-D3C0-4D7C-8E19-AB82A24947F3}.Release|Any CPU.ActiveCfg = Release|Any CPU
		{615041E4-D3C0-4D7C-8E19-AB82A24947F3}.Release|Any CPU.Build.0 = Release|Any CPU
	EndGlobalSection
	GlobalSection(SolutionProperties) = preSolution
		HideSolutionNode = FALSE
	EndGlobalSection
	GlobalSection(NestedProjects) = preSolution
		{E1B889F5-C6F4-45E8-BD59-B82EA44648B9} = {99C6DA86-65AE-4374-BDD7-FBE17BD96FB1}
		{DBCEC2B3-348B-49CF-8A52-F7EFCB170CEC} = {99C6DA86-65AE-4374-BDD7-FBE17BD96FB1}
		{D67D8FA4-DB2B-4471-A12E-BED5333D40C5} = {99C6DA86-65AE-4374-BDD7-FBE17BD96FB1}
		{DCA8A458-C98E-427B-A4B6-2108ACF6C6AD} = {99C6DA86-65AE-4374-BDD7-FBE17BD96FB1}
		{22D5C45F-A16D-4DB2-BEFF-5BE06C983424} = {99C6DA86-65AE-4374-BDD7-FBE17BD96FB1}
		{B6CCA931-3C95-4E86-AFFE-A0D91122857E} = {99C6DA86-65AE-4374-BDD7-FBE17BD96FB1}
		{9B292CA7-24BD-4475-AEFE-A76E2769D30C} = {DBCEC2B3-348B-49CF-8A52-F7EFCB170CEC}
		{0E2EFFCC-D0E9-4DE2-B150-7E7518619D04} = {D67D8FA4-DB2B-4471-A12E-BED5333D40C5}
		{39100FBD-5AF5-44E1-BEED-E7C095C5D932} = {DBCEC2B3-348B-49CF-8A52-F7EFCB170CEC}
		{B7AF48AD-4E22-41AB-A92A-8C67F61F97E5} = {39100FBD-5AF5-44E1-BEED-E7C095C5D932}
		{9109115B-C213-4F06-9626-7EDE18AD869E} = {DBCEC2B3-348B-49CF-8A52-F7EFCB170CEC}
		{BD4F73A7-E681-4A81-9DE7-8B7AEE27B828} = {DBCEC2B3-348B-49CF-8A52-F7EFCB170CEC}
		{F10FC7B9-C3E2-43AE-817B-7D08973CE34A} = {2A1155D4-9AAC-419A-902B-41000DDFC75C}
		{C597CA2B-0E2D-4D12-92BD-B96FD1849E53} = {B6CCA931-3C95-4E86-AFFE-A0D91122857E}
		{731F22AD-CA0A-4E70-8AF6-0B328DCDA8EF} = {B6CCA931-3C95-4E86-AFFE-A0D91122857E}
		{615041E4-D3C0-4D7C-8E19-AB82A24947F3} = {B6CCA931-3C95-4E86-AFFE-A0D91122857E}
	EndGlobalSection
	GlobalSection(ExtensibilityGlobals) = postSolution
		SolutionGuid = {57CB7482-F1E9-4BE1-AAEF-2CAE7661C7C6}
	EndGlobalSection
EndGlobal
